
Microsoft Visual Studio Solution File, Format Version 12.00
# Visual Studio Version 17
VisualStudioVersion = 17.6.33829.357
MinimumVisualStudioVersion = 10.0.40219.1
Project("{FAE04EC0-301F-11D3-BF4B-00C04F79EFBC}") = "ProjetoCidadeDAO", "ProjetoCidadeDAO\ProjetoCidadeDAO.csproj", "{71DFAEF0-D077-457C-AE15-BBEFF73CC60D}"
EndProject
Project("{FAE04EC0-301F-11D3-BF4B-00C04F79EFBC}") = "ProjetoCidade", "ProjetoCidade\ProjetoCidade.csproj", "{A3F82A90-FFCF-4B27-B920-421057A6C8AB}"
EndProject
Global
	GlobalSection(SolutionConfigurationPlatforms) = preSolution
		Debug|Any CPU = Debug|Any CPU
		Release|Any CPU = Release|Any CPU
	EndGlobalSection
	GlobalSection(ProjectConfigurationPlatforms) = postSolution
		{71DFAEF0-D077-457C-AE15-BBEFF73CC60D}.Debug|Any CPU.ActiveCfg = Debug|Any CPU
		{71DFAEF0-D077-457C-AE15-BBEFF73CC60D}.Debug|Any CPU.Build.0 = Debug|Any CPU
		{71DFAEF0-D077-457C-AE15-BBEFF73CC60D}.Release|Any CPU.ActiveCfg = Release|Any CPU
		{71DFAEF0-D077-457C-AE15-BBEFF73CC60D}.Release|Any CPU.Build.0 = Release|Any CPU
		{A3F82A90-FFCF-4B27-B920-421057A6C8AB}.Debug|Any CPU.ActiveCfg = Debug|Any CPU
		{A3F82A90-FFCF-4B27-B920-421057A6C8AB}.Debug|Any CPU.Build.0 = Debug|Any CPU
		{A3F82A90-FFCF-4B27-B920-421057A6C8AB}.Release|Any CPU.ActiveCfg = Release|Any CPU
		{A3F82A90-FFCF-4B27-B920-421057A6C8AB}.Release|Any CPU.Build.0 = Release|Any CPU
	EndGlobalSection
	GlobalSection(SolutionProperties) = preSolution
		HideSolutionNode = FALSE
	EndGlobalSection
	GlobalSection(ExtensibilityGlobals) = postSolution
		SolutionGuid = {9EE468F7-5EA6-4439-998F-22C8C99B0317}
	EndGlobalSection
EndGlobal
